{
  "projects": [
    {
      "projectId": "bTYggZwLLoYhfF6m8u8xN3",
      "version": "latest",
      "dependencies": {},
      "lang": "js",
      "fileLocks": [
        {
          "type": "globalVariant",
          "assetId": "cyY4_yCT_9Sb9i",
          "checksum": "01a9571bcd6db157ccb0ee0b24e202f4"
        },
        {
          "assetId": "bTYggZwLLoYhfF6m8u8xN3",
          "type": "projectCss",
          "checksum": "00ffc428cbc2dd4440233c62d444f7bb"
        },
        {
          "type": "renderModule",
          "assetId": "hgDbKWXv2mCgV",
          "checksum": "67f5f92d83a56d93f11b1b46a1b7fc3a"
        },
        {
          "type": "cssRules",
          "assetId": "hgDbKWXv2mCgV",
          "checksum": "67f5f92d83a56d93f11b1b46a1b7fc3a"
        },
        {
          "type": "renderModule",
          "assetId": "8Zs4oMB97V96pv",
          "checksum": "cfd0af8c9138fe605220a0aef534c373"
        },
        {
          "type": "cssRules",
          "assetId": "8Zs4oMB97V96pv",
          "checksum": "cfd0af8c9138fe605220a0aef534c373"
        },
        {
          "type": "renderModule",
          "assetId": "OeEm6YclKZ6RSi",
          "checksum": "b391852eae94923342e207d6c0b9ce6c"
        },
        {
          "type": "cssRules",
          "assetId": "OeEm6YclKZ6RSi",
          "checksum": "b391852eae94923342e207d6c0b9ce6c"
        },
        {
          "type": "renderModule",
          "assetId": "K1EfMN4lMB2g1o",
          "checksum": "673d4f0a8d2f4b07719d3ac396d51e38"
        },
        {
          "type": "cssRules",
          "assetId": "K1EfMN4lMB2g1o",
          "checksum": "673d4f0a8d2f4b07719d3ac396d51e38"
        },
        {
          "type": "renderModule",
          "assetId": "5ueeJX10Q2X2sQ",
          "checksum": "041c625592fb7901964ddaeb13c95aab"
        },
        {
          "type": "cssRules",
          "assetId": "5ueeJX10Q2X2sQ",
          "checksum": "041c625592fb7901964ddaeb13c95aab"
        },
        {
          "type": "renderModule",
          "assetId": "e7Aw_P7qtsLoDX",
          "checksum": "ecfa9dad9770d6d66d72908499037883"
        },
        {
          "type": "cssRules",
          "assetId": "e7Aw_P7qtsLoDX",
          "checksum": "ecfa9dad9770d6d66d72908499037883"
        },
        {
          "type": "renderModule",
          "assetId": "0YfVpkf-QfLPW1",
          "checksum": "7509d67618fbdc153b3b11902fcb1070"
        },
        {
          "type": "cssRules",
          "assetId": "0YfVpkf-QfLPW1",
          "checksum": "7509d67618fbdc153b3b11902fcb1070"
        },
        {
          "type": "renderModule",
          "assetId": "8jYBU3Qp6KCBBo",
          "checksum": "cbcad2bfeeae93b6ca27d6c0e6b03945"
        },
        {
          "type": "cssRules",
          "assetId": "8jYBU3Qp6KCBBo",
          "checksum": "cbcad2bfeeae93b6ca27d6c0e6b03945"
        },
        {
          "type": "renderModule",
          "assetId": "CAUgDjfGSjx3sF",
          "checksum": "30a0f6f262f8ff6dc932581d9bbcaa3c"
        },
        {
          "type": "cssRules",
          "assetId": "CAUgDjfGSjx3sF",
          "checksum": "30a0f6f262f8ff6dc932581d9bbcaa3c"
        },
        {
          "type": "renderModule",
          "assetId": "7BfqFRRSTDM0Qk",
          "checksum": "9bec062f333972ea9afde8198ef5754e"
        },
        {
          "type": "cssRules",
          "assetId": "7BfqFRRSTDM0Qk",
          "checksum": "9bec062f333972ea9afde8198ef5754e"
        },
        {
          "type": "renderModule",
          "assetId": "4ub06bavZlPFNG",
          "checksum": "c67bf7cc12259ab3427e9c8b39bffd0f"
        },
        {
          "type": "cssRules",
          "assetId": "4ub06bavZlPFNG",
          "checksum": "c67bf7cc12259ab3427e9c8b39bffd0f"
        },
        {
          "type": "renderModule",
          "assetId": "90K28hUYSwp4uD",
          "checksum": "9a039b743e2f5bbf860eee2bb5f9b9b4"
        },
        {
          "type": "cssRules",
          "assetId": "90K28hUYSwp4uD",
          "checksum": "9a039b743e2f5bbf860eee2bb5f9b9b4"
        },
        {
          "type": "renderModule",
          "assetId": "QW2Gl4hxbe38Ze",
          "checksum": "bdadfb7c629c8312e3251a8a1bbb8ce2"
        },
        {
          "type": "cssRules",
          "assetId": "QW2Gl4hxbe38Ze",
          "checksum": "bdadfb7c629c8312e3251a8a1bbb8ce2"
        },
        {
          "type": "renderModule",
          "assetId": "MYTp7fzmLooQVf",
          "checksum": "5c556932c97a96ba40d0f510b4bdbb46"
        },
        {
          "type": "cssRules",
          "assetId": "MYTp7fzmLooQVf",
          "checksum": "5c556932c97a96ba40d0f510b4bdbb46"
        },
        {
          "type": "renderModule",
          "assetId": "VQEWrU3L4_fNDT",
          "checksum": "6a4378ed036310b6b5d2bc29a4d56e50"
        },
        {
          "type": "cssRules",
          "assetId": "VQEWrU3L4_fNDT",
          "checksum": "6a4378ed036310b6b5d2bc29a4d56e50"
        },
        {
          "type": "renderModule",
          "assetId": "x1J3qHLZzGy6Ea",
          "checksum": "e7989a070464e89e6e6f69ccb4ca4cdd"
        },
        {
          "type": "cssRules",
          "assetId": "x1J3qHLZzGy6Ea",
          "checksum": "e7989a070464e89e6e6f69ccb4ca4cdd"
        },
        {
          "type": "icon",
          "assetId": "JaA23UcpzBSdJ2",
          "checksum": "062eeab5b3ddbc783e4272e94ac4ee05"
        },
        {
          "type": "icon",
          "assetId": "hrWr5kKXvymJqX",
          "checksum": "5215e97db79d01504a4e5971a1d61d63"
        },
        {
          "type": "icon",
          "assetId": "F6H_d3mWqcG1qM",
          "checksum": "1ac26e6102bff47f3de14d87b4106071"
        },
        {
          "type": "icon",
          "assetId": "AGZymUueZQobAE",
          "checksum": "bd20c3b52dc34128fb537ae73cc0abb5"
        },
        {
          "type": "icon",
          "assetId": "rsxDvSI7nPbnd7",
          "checksum": "9ae91229f1fec717056befed6bd24398"
        },
        {
          "type": "icon",
          "assetId": "UUsi1wPZUCH6XH",
          "checksum": "0b0ed06766e507c2e901a28e2895ad72"
        },
        {
          "type": "icon",
          "assetId": "zUvjH4ce1HAylF",
          "checksum": "5963dcd7224c47aaf029198321bf112d"
        },
        {
          "type": "icon",
          "assetId": "WNTiOoXIbmgdVN",
          "checksum": "c095cb39c47ee858f0eb18d8351d88b9"
        },
        {
          "type": "icon",
          "assetId": "hQGxCAJ9sNcxE3",
          "checksum": "5b64c630777afc422ac12a0ee2becd12"
        },
        {
          "type": "icon",
          "assetId": "nQAuCg2pg4l52C",
          "checksum": "1bc6f7596e862118abd13187558d1e1e"
        },
        {
          "type": "icon",
          "assetId": "TY05XtWI9FLBXv",
          "checksum": "7e010cebcbbc165fc8995743cc13a0bc"
        },
        {
          "type": "icon",
          "assetId": "6mmeWeYpNU38Rb",
          "checksum": "25903a6e53728ce676800cc4955a0b5d"
        },
        {
          "type": "icon",
          "assetId": "lDHp6dVDQXtJw6",
          "checksum": "ddd7c33b9e30fb7bf36253f58dceae90"
        },
        {
          "type": "icon",
          "assetId": "qt-zWjw5UV-b60",
          "checksum": "dcd0ba6720ae3b31d238ba9d49c8419c"
        },
        {
          "type": "icon",
          "assetId": "vi2CT_3Wi_KCya",
          "checksum": "ec71b34ae42422d2f2ac3fdafa1646bf"
        },
        {
          "type": "icon",
          "assetId": "yuDoAs6LWUqZCX",
          "checksum": "a13b7da89cbdbd80a73f9830e89728cd"
        },
        {
          "type": "icon",
          "assetId": "dXOV4ZuM9GNjwU",
          "checksum": "a110fc09121060d1637d22524b7b6966"
        },
        {
          "type": "image",
          "assetId": "F0Ofud_nvx1XL5",
          "checksum": "8419f2176a24218325aa226411c3d864"
        },
        {
          "type": "image",
          "assetId": "w4BYoYDDVgOOzI",
          "checksum": "91bf4b5a7c924ce3e86f3c3e1f571e3b"
        },
        {
          "type": "image",
          "assetId": "XdEpzVmj473TMp",
          "checksum": "9531273a59e471e26820802623ea04f9"
        },
        {
          "type": "image",
          "assetId": "N7cnSZk9FXCroL",
          "checksum": "6083a18575b48dc902ea2c14f2315100"
        },
        {
          "type": "image",
          "assetId": "WT0llp6r620lmO",
          "checksum": "15ac93182b1ef7dd3a8d304ddfdd2d56"
        },
        {
          "type": "image",
          "assetId": "guwcaJxY2KVe-w",
          "checksum": "798fe3821fddafdb877933c88a9e6a65"
        },
        {
          "type": "image",
          "assetId": "LhSfTaVkgAiX9l",
          "checksum": "df468b2b64ac7d35d415c8b67f042e3f"
        },
        {
          "type": "image",
          "assetId": "j7KI5tRxkh1484",
          "checksum": "7cb35554d1d1df4a0c3d7ffababd8680"
        },
        {
          "type": "image",
          "assetId": "r4L8K4JFyZzhwT",
          "checksum": "bda1c62f56c5da7e0273ad0516c9d633"
        },
        {
          "type": "image",
          "assetId": "Oqegg6DQ9qURkc",
          "checksum": "cd3f7e82150547bbbc040bef014f7525"
        },
        {
          "type": "image",
          "assetId": "FK_yjCbfVAVfoF",
          "checksum": "8c1bafdb8ca2c02ccbc7e20590badfa8"
        },
        {
          "type": "image",
          "assetId": "gPL-5cnhsvMrQE",
          "checksum": "451f212e4c83fc3147eb00cf457bbd44"
        },
        {
          "type": "image",
          "assetId": "-ussZpwf725oCK",
          "checksum": "ad0e761ff1439f1604e549a0fbcd0aff"
        },
        {
          "type": "image",
          "assetId": "3bf80U8RVIksFU",
          "checksum": "fef7ea1b05e6a0f1baeff9ae3a737dd6"
        },
        {
          "type": "image",
          "assetId": "7YC9JDaYLgpxcJ",
          "checksum": "145461b907ab0830a876f24ebcb8811a"
        },
        {
          "type": "image",
          "assetId": "NSduVBRDiE_1iD",
          "checksum": "200b16ed9ace100057949f93cbd7f671"
        },
        {
          "type": "image",
          "assetId": "Jbps9E1sG1Ex1q",
          "checksum": "be91f2852764b369181a231ac49be488"
        },
        {
          "type": "image",
          "assetId": "wWN41vruhi24NS",
          "checksum": "f12f44257997853c0ec5ec61fe00343b"
        },
        {
          "type": "image",
          "assetId": "29w6BoqzyohqHP",
          "checksum": "dc05ca440bd0d46a42b6760f3058cffa"
        },
        {
          "type": "image",
          "assetId": "_YozTh5Skrc1zO",
          "checksum": "14e6a3d1072bbc18cae9b6ca90caf47d"
        }
      ],
      "codegenVersion": "0.0.1"
    }
  ],
  "cliVersion": "0.1.178"
}
